// !$*UTF8*$!
{
	archiveVersion = 1;
	classes = {
	};
	objectVersion = 50;
	objects = {

/* Begin PBXBuildFile section */
		3A20D98E212EF5BD004F2AAF /* MyContests.storyboard in Resources */ = {isa = PBXBuildFile; fileRef = 3A20D98D212EF5BD004F2AAF /* MyContests.storyboard */; };
		3A20D990212EF66F004F2AAF /* Notifications.storyboard in Resources */ = {isa = PBXBuildFile; fileRef = 3A20D98F212EF66F004F2AAF /* Notifications.storyboard */; };
		3A20D993212EF73B004F2AAF /* NotificationViewController.swift in Sources */ = {isa = PBXBuildFile; fileRef = 3A20D992212EF73B004F2AAF /* NotificationViewController.swift */; };
		3A20D995212F01BA004F2AAF /* MyContestViewController.swift in Sources */ = {isa = PBXBuildFile; fileRef = 3A20D994212F01B9004F2AAF /* MyContestViewController.swift */; };
		3A20D997212F01CB004F2AAF /* SelectMenuViewController.swift in Sources */ = {isa = PBXBuildFile; fileRef = 3A20D996212F01CB004F2AAF /* SelectMenuViewController.swift */; };
		3A20D99A212F0989004F2AAF /* MenuCells.swift in Sources */ = {isa = PBXBuildFile; fileRef = 3A20D998212F0989004F2AAF /* MenuCells.swift */; };
		3A20D99B212F0989004F2AAF /* MenuCells.xib in Resources */ = {isa = PBXBuildFile; fileRef = 3A20D999212F0989004F2AAF /* MenuCells.xib */; };
		3A216F3D212A9E35007C059E /* LoginViewController.swift in Sources */ = {isa = PBXBuildFile; fileRef = 3A216F3C212A9E35007C059E /* LoginViewController.swift */; };
		3A216F3F212A9E3E007C059E /* SignupViewController.swift in Sources */ = {isa = PBXBuildFile; fileRef = 3A216F3E212A9E3E007C059E /* SignupViewController.swift */; };
		3A31DA5B212A8B7B005E6040 /* AppDelegate.swift in Sources */ = {isa = PBXBuildFile; fileRef = 3A31DA5A212A8B7B005E6040 /* AppDelegate.swift */; };
		3A31DA5D212A8B7B005E6040 /* Home.swift in Sources */ = {isa = PBXBuildFile; fileRef = 3A31DA5C212A8B7B005E6040 /* Home.swift */; };
		3A31DA62212A8B7B005E6040 /* Main.storyboard in Resources */ = {isa = PBXBuildFile; fileRef = 3A31DA60212A8B7B005E6040 /* Main.storyboard */; };
		3A31DA64212A8B7D005E6040 /* Assets.xcassets in Resources */ = {isa = PBXBuildFile; fileRef = 3A31DA63212A8B7D005E6040 /* Assets.xcassets */; };
		3A31DA67212A8B7D005E6040 /* LaunchScreen.storyboard in Resources */ = {isa = PBXBuildFile; fileRef = 3A31DA65212A8B7D005E6040 /* LaunchScreen.storyboard */; };
		3A31DA70212A8BE2005E6040 /* LoginScreens.storyboard in Resources */ = {isa = PBXBuildFile; fileRef = 3A31DA6F212A8BE2005E6040 /* LoginScreens.storyboard */; };
		3A31DA72212A8BF7005E6040 /* DesignableX in Resources */ = {isa = PBXBuildFile; fileRef = 3A31DA71212A8BF7005E6040 /* DesignableX */; };
		3A3DF8F5212D4E9800850A42 /* Home.storyboard in Resources */ = {isa = PBXBuildFile; fileRef = 3A3DF8F4212D4E9800850A42 /* Home.storyboard */; };
		3A3DF8F8212DC5C800850A42 /* Menu.storyboard in Resources */ = {isa = PBXBuildFile; fileRef = 3A3DF8F7212DC5C800850A42 /* Menu.storyboard */; };
		3A3DF8FA212DC77C00850A42 /* MyAccount.storyboard in Resources */ = {isa = PBXBuildFile; fileRef = 3A3DF8F9212DC77C00850A42 /* MyAccount.storyboard */; };
		3A3DF8FC212DCA7900850A42 /* MyAccount.swift in Sources */ = {isa = PBXBuildFile; fileRef = 3A3DF8FB212DCA7900850A42 /* MyAccount.swift */; };
		3A60B41F212E78000002CCF7 /* NoInternetViewController.swift in Sources */ = {isa = PBXBuildFile; fileRef = 3A60B41E212E78000002CCF7 /* NoInternetViewController.swift */; };
		3AE28A65212E6B56006542DA /* NetworkManagement.swift in Sources */ = {isa = PBXBuildFile; fileRef = 3AE28A64212E6B56006542DA /* NetworkManagement.swift */; };
		3AE28A69212E6CE0006542DA /* AppStarts.storyboard in Resources */ = {isa = PBXBuildFile; fileRef = 3AE28A68212E6CE0006542DA /* AppStarts.storyboard */; };
		3AE28A6B212E6D67006542DA /* AppStartsViewController.swift in Sources */ = {isa = PBXBuildFile; fileRef = 3AE28A6A212E6D67006542DA /* AppStartsViewController.swift */; };
		A005DAA05FDAEAC585742331 /* Pods_fanatic11.framework in Frameworks */ = {isa = PBXBuildFile; fileRef = 1AA74EE0E9DD875A19F8E101 /* Pods_fanatic11.framework */; };
/* End PBXBuildFile section */

/* Begin PBXFileReference section */
		16C8E9F16297FFA587B397AE /* Pods-fanatic11.debug.xcconfig */ = {isa = PBXFileReference; includeInIndex = 1; lastKnownFileType = text.xcconfig; name = "Pods-fanatic11.debug.xcconfig"; path = "Pods/Target Support Files/Pods-fanatic11/Pods-fanatic11.debug.xcconfig"; sourceTree = "<group>"; };
		1AA74EE0E9DD875A19F8E101 /* Pods_fanatic11.framework */ = {isa = PBXFileReference; explicitFileType = wrapper.framework; includeInIndex = 0; path = Pods_fanatic11.framework; sourceTree = BUILT_PRODUCTS_DIR; };
		3A20D98D212EF5BD004F2AAF /* MyContests.storyboard */ = {isa = PBXFileReference; fileEncoding = 4; lastKnownFileType = file.storyboard; path = MyContests.storyboard; sourceTree = "<group>"; };
		3A20D98F212EF66F004F2AAF /* Notifications.storyboard */ = {isa = PBXFileReference; lastKnownFileType = file.storyboard; path = Notifications.storyboard; sourceTree = "<group>"; };
		3A20D992212EF73B004F2AAF /* NotificationViewController.swift */ = {isa = PBXFileReference; lastKnownFileType = sourcecode.swift; path = NotificationViewController.swift; sourceTree = "<group>"; };
		3A20D994212F01B9004F2AAF /* MyContestViewController.swift */ = {isa = PBXFileReference; lastKnownFileType = sourcecode.swift; path = MyContestViewController.swift; sourceTree = "<group>"; };
		3A20D996212F01CB004F2AAF /* SelectMenuViewController.swift */ = {isa = PBXFileReference; lastKnownFileType = sourcecode.swift; path = SelectMenuViewController.swift; sourceTree = "<group>"; };
		3A20D998212F0989004F2AAF /* MenuCells.swift */ = {isa = PBXFileReference; lastKnownFileType = sourcecode.swift; path = MenuCells.swift; sourceTree = "<group>"; };
		3A20D999212F0989004F2AAF /* MenuCells.xib */ = {isa = PBXFileReference; lastKnownFileType = file.xib; path = MenuCells.xib; sourceTree = "<group>"; };
		3A216F3C212A9E35007C059E /* LoginViewController.swift */ = {isa = PBXFileReference; lastKnownFileType = sourcecode.swift; path = LoginViewController.swift; sourceTree = "<group>"; };
		3A216F3E212A9E3E007C059E /* SignupViewController.swift */ = {isa = PBXFileReference; lastKnownFileType = sourcecode.swift; path = SignupViewController.swift; sourceTree = "<group>"; };
		3A31DA57212A8B7B005E6040 /* fanatic11.app */ = {isa = PBXFileReference; explicitFileType = wrapper.application; includeInIndex = 0; path = fanatic11.app; sourceTree = BUILT_PRODUCTS_DIR; };
		3A31DA5A212A8B7B005E6040 /* AppDelegate.swift */ = {isa = PBXFileReference; lastKnownFileType = sourcecode.swift; path = AppDelegate.swift; sourceTree = "<group>"; };
		3A31DA5C212A8B7B005E6040 /* Home.swift */ = {isa = PBXFileReference; lastKnownFileType = sourcecode.swift; path = Home.swift; sourceTree = "<group>"; };
		3A31DA61212A8B7B005E6040 /* Base */ = {isa = PBXFileReference; lastKnownFileType = file.storyboard; name = Base; path = Base.lproj/Main.storyboard; sourceTree = "<group>"; };
		3A31DA63212A8B7D005E6040 /* Assets.xcassets */ = {isa = PBXFileReference; lastKnownFileType = folder.assetcatalog; path = Assets.xcassets; sourceTree = "<group>"; };
		3A31DA66212A8B7D005E6040 /* Base */ = {isa = PBXFileReference; lastKnownFileType = file.storyboard; name = Base; path = Base.lproj/LaunchScreen.storyboard; sourceTree = "<group>"; };
		3A31DA68212A8B7D005E6040 /* Info.plist */ = {isa = PBXFileReference; lastKnownFileType = text.plist.xml; path = Info.plist; sourceTree = "<group>"; };
		3A31DA6F212A8BE2005E6040 /* LoginScreens.storyboard */ = {isa = PBXFileReference; lastKnownFileType = file.storyboard; path = LoginScreens.storyboard; sourceTree = "<group>"; };
		3A31DA71212A8BF7005E6040 /* DesignableX */ = {isa = PBXFileReference; lastKnownFileType = folder; path = DesignableX; sourceTree = "<group>"; };
		3A3DF8F4212D4E9800850A42 /* Home.storyboard */ = {isa = PBXFileReference; fileEncoding = 4; lastKnownFileType = file.storyboard; path = Home.storyboard; sourceTree = "<group>"; };
		3A3DF8F7212DC5C800850A42 /* Menu.storyboard */ = {isa = PBXFileReference; fileEncoding = 4; lastKnownFileType = file.storyboard; path = Menu.storyboard; sourceTree = "<group>"; };
		3A3DF8F9212DC77C00850A42 /* MyAccount.storyboard */ = {isa = PBXFileReference; fileEncoding = 4; lastKnownFileType = file.storyboard; path = MyAccount.storyboard; sourceTree = "<group>"; };
		3A3DF8FB212DCA7900850A42 /* MyAccount.swift */ = {isa = PBXFileReference; lastKnownFileType = sourcecode.swift; path = MyAccount.swift; sourceTree = "<group>"; };
		3A60B41E212E78000002CCF7 /* NoInternetViewController.swift */ = {isa = PBXFileReference; lastKnownFileType = sourcecode.swift; path = NoInternetViewController.swift; sourceTree = "<group>"; };
		3AE28A64212E6B56006542DA /* NetworkManagement.swift */ = {isa = PBXFileReference; lastKnownFileType = sourcecode.swift; path = NetworkManagement.swift; sourceTree = "<group>"; };
		3AE28A68212E6CE0006542DA /* AppStarts.storyboard */ = {isa = PBXFileReference; lastKnownFileType = file.storyboard; path = AppStarts.storyboard; sourceTree = "<group>"; };
		3AE28A6A212E6D67006542DA /* AppStartsViewController.swift */ = {isa = PBXFileReference; lastKnownFileType = sourcecode.swift; path = AppStartsViewController.swift; sourceTree = "<group>"; };
		9794796177324EC9698F0E2E /* Pods-fanatic11.release.xcconfig */ = {isa = PBXFileReference; includeInIndex = 1; lastKnownFileType = text.xcconfig; name = "Pods-fanatic11.release.xcconfig"; path = "Pods/Target Support Files/Pods-fanatic11/Pods-fanatic11.release.xcconfig"; sourceTree = "<group>"; };
/* End PBXFileReference section */

/* Begin PBXFrameworksBuildPhase section */
		3A31DA54212A8B7B005E6040 /* Frameworks */ = {
			isa = PBXFrameworksBuildPhase;
			buildActionMask = 2147483647;
			files = (
				A005DAA05FDAEAC585742331 /* Pods_fanatic11.framework in Frameworks */,
			);
			runOnlyForDeploymentPostprocessing = 0;
		};
/* End PBXFrameworksBuildPhase section */

/* Begin PBXGroup section */
		3A20D991212EF71B004F2AAF /* Main Controller */ = {
			isa = PBXGroup;
			children = (
				3A31DA5C212A8B7B005E6040 /* Home.swift */,
				3A3DF8FB212DCA7900850A42 /* MyAccount.swift */,
				3A20D994212F01B9004F2AAF /* MyContestViewController.swift */,
				3A20D996212F01CB004F2AAF /* SelectMenuViewController.swift */,
				3A20D992212EF73B004F2AAF /* NotificationViewController.swift */,
			);
			path = "Main Controller";
			sourceTree = "<group>";
		};
		3A20D99C212F0993004F2AAF /* CustomCells */ = {
			isa = PBXGroup;
			children = (
				3A20D998212F0989004F2AAF /* MenuCells.swift */,
				3A20D999212F0989004F2AAF /* MenuCells.xib */,
			);
			path = CustomCells;
			sourceTree = "<group>";
		};
		3A216F40212A9E4B007C059E /* Login Files */ = {
			isa = PBXGroup;
			children = (
				3A216F3C212A9E35007C059E /* LoginViewController.swift */,
				3A216F3E212A9E3E007C059E /* SignupViewController.swift */,
			);
			path = "Login Files";
			sourceTree = "<group>";
		};
		3A216F41212A9E88007C059E /* Views */ = {
			isa = PBXGroup;
			children = (
				3A216F43212A9E9D007C059E /* Main Controller */,
				3A216F42212A9E96007C059E /* Login */,
				3A20D99C212F0993004F2AAF /* CustomCells */,
			);
			path = Views;
			sourceTree = "<group>";
		};
		3A216F42212A9E96007C059E /* Login */ = {
			isa = PBXGroup;
			children = (
				3AE28A68212E6CE0006542DA /* AppStarts.storyboard */,
				3A31DA6F212A8BE2005E6040 /* LoginScreens.storyboard */,
			);
			path = Login;
			sourceTree = "<group>";
		};
		3A216F43212A9E9D007C059E /* Main Controller */ = {
			isa = PBXGroup;
			children = (
				3A3DF8F4212D4E9800850A42 /* Home.storyboard */,
				3A20D98D212EF5BD004F2AAF /* MyContests.storyboard */,
				3A3DF8F9212DC77C00850A42 /* MyAccount.storyboard */,
				3A3DF8F7212DC5C800850A42 /* Menu.storyboard */,
				3A20D98F212EF66F004F2AAF /* Notifications.storyboard */,
				3A31DA60212A8B7B005E6040 /* Main.storyboard */,
			);
			path = "Main Controller";
			sourceTree = "<group>";
		};
		3A31DA4E212A8B7B005E6040 = {
			isa = PBXGroup;
			children = (
				3A31DA59212A8B7B005E6040 /* fanatic11 */,
				3A31DA58212A8B7B005E6040 /* Products */,
				3F3897EA92C872B063379317 /* Pods */,
				EE03AD343C318D737E84BECE /* Frameworks */,
			);
			sourceTree = "<group>";
		};
		3A31DA58212A8B7B005E6040 /* Products */ = {
			isa = PBXGroup;
			children = (
				3A31DA57212A8B7B005E6040 /* fanatic11.app */,
			);
			name = Products;
			sourceTree = "<group>";
		};
		3A31DA59212A8B7B005E6040 /* fanatic11 */ = {
			isa = PBXGroup;
			children = (
				3A31DA71212A8BF7005E6040 /* DesignableX */,
				3AE28A6E212E753D006542DA /* Extensions */,
				3A31DA6E212A8BC3005E6040 /* System */,
				3A20D991212EF71B004F2AAF /* Main Controller */,
				3A60B420212E78090002CCF7 /* StartUp Screens */,
				3A216F40212A9E4B007C059E /* Login Files */,
				3A216F41212A9E88007C059E /* Views */,
				3A31DA63212A8B7D005E6040 /* Assets.xcassets */,
				3A31DA65212A8B7D005E6040 /* LaunchScreen.storyboard */,
				3A31DA68212A8B7D005E6040 /* Info.plist */,
			);
			path = fanatic11;
			sourceTree = "<group>";
		};
		3A31DA6E212A8BC3005E6040 /* System */ = {
			isa = PBXGroup;
			children = (
				3A31DA5A212A8B7B005E6040 /* AppDelegate.swift */,
				3AE28A64212E6B56006542DA /* NetworkManagement.swift */,
			);
			path = System;
			sourceTree = "<group>";
		};
		3A60B420212E78090002CCF7 /* StartUp Screens */ = {
			isa = PBXGroup;
			children = (
				3AE28A6A212E6D67006542DA /* AppStartsViewController.swift */,
				3A60B41E212E78000002CCF7 /* NoInternetViewController.swift */,
			);
			path = "StartUp Screens";
			sourceTree = "<group>";
		};
		3AE28A6E212E753D006542DA /* Extensions */ = {
			isa = PBXGroup;
			children = (
			);
			path = Extensions;
			sourceTree = "<group>";
		};
		3F3897EA92C872B063379317 /* Pods */ = {
			isa = PBXGroup;
			children = (
				16C8E9F16297FFA587B397AE /* Pods-fanatic11.debug.xcconfig */,
				9794796177324EC9698F0E2E /* Pods-fanatic11.release.xcconfig */,
			);
			name = Pods;
			sourceTree = "<group>";
		};
		EE03AD343C318D737E84BECE /* Frameworks */ = {
			isa = PBXGroup;
			children = (
				1AA74EE0E9DD875A19F8E101 /* Pods_fanatic11.framework */,
			);
			name = Frameworks;
			sourceTree = "<group>";
		};
/* End PBXGroup section */

/* Begin PBXNativeTarget section */
		3A31DA56212A8B7B005E6040 /* fanatic11 */ = {
			isa = PBXNativeTarget;
			buildConfigurationList = 3A31DA6B212A8B7D005E6040 /* Build configuration list for PBXNativeTarget "fanatic11" */;
			buildPhases = (
				00D88576363B3927A517A635 /* [CP] Check Pods Manifest.lock */,
				3A31DA53212A8B7B005E6040 /* Sources */,
				3A31DA54212A8B7B005E6040 /* Frameworks */,
				3A31DA55212A8B7B005E6040 /* Resources */,
				30689AC458DAD0682DD189DF /* [CP] Embed Pods Frameworks */,
			);
			buildRules = (
			);
			dependencies = (
			);
			name = fanatic11;
			productName = fanatic11;
			productReference = 3A31DA57212A8B7B005E6040 /* fanatic11.app */;
			productType = "com.apple.product-type.application";
		};
/* End PBXNativeTarget section */

/* Begin PBXProject section */
		3A31DA4F212A8B7B005E6040 /* Project object */ = {
			isa = PBXProject;
			attributes = {
				LastSwiftUpdateCheck = 0940;
				LastUpgradeCheck = 0940;
				ORGANIZATIONNAME = "App Groceries";
				TargetAttributes = {
					3A31DA56212A8B7B005E6040 = {
						CreatedOnToolsVersion = 9.4.1;
					};
				};
			};
			buildConfigurationList = 3A31DA52212A8B7B005E6040 /* Build configuration list for PBXProject "fanatic11" */;
			compatibilityVersion = "Xcode 9.3";
			developmentRegion = en;
			hasScannedForEncodings = 0;
			knownRegions = (
				en,
				Base,
			);
			mainGroup = 3A31DA4E212A8B7B005E6040;
			productRefGroup = 3A31DA58212A8B7B005E6040 /* Products */;
			projectDirPath = "";
			projectRoot = "";
			targets = (
				3A31DA56212A8B7B005E6040 /* fanatic11 */,
			);
		};
/* End PBXProject section */

/* Begin PBXResourcesBuildPhase section */
		3A31DA55212A8B7B005E6040 /* Resources */ = {
			isa = PBXResourcesBuildPhase;
			buildActionMask = 2147483647;
			files = (
				3A3DF8F8212DC5C800850A42 /* Menu.storyboard in Resources */,
				3A20D98E212EF5BD004F2AAF /* MyContests.storyboard in Resources */,
				3A31DA67212A8B7D005E6040 /* LaunchScreen.storyboard in Resources */,
				3A31DA64212A8B7D005E6040 /* Assets.xcassets in Resources */,
				3A31DA72212A8BF7005E6040 /* DesignableX in Resources */,
				3A3DF8F5212D4E9800850A42 /* Home.storyboard in Resources */,
				3A20D990212EF66F004F2AAF /* Notifications.storyboard in Resources */,
				3A31DA70212A8BE2005E6040 /* LoginScreens.storyboard in Resources */,
				3AE28A69212E6CE0006542DA /* AppStarts.storyboard in Resources */,
				3A3DF8FA212DC77C00850A42 /* MyAccount.storyboard in Resources */,
				3A20D99B212F0989004F2AAF /* MenuCells.xib in Resources */,
				3A31DA62212A8B7B005E6040 /* Main.storyboard in Resources */,
			);
			runOnlyForDeploymentPostprocessing = 0;
		};
/* End PBXResourcesBuildPhase section */

/* Begin PBXShellScriptBuildPhase section */
		00D88576363B3927A517A635 /* [CP] Check Pods Manifest.lock */ = {
			isa = PBXShellScriptBuildPhase;
			buildActionMask = 2147483647;
			files = (
			);
			inputPaths = (
				"${PODS_PODFILE_DIR_PATH}/Podfile.lock",
				"${PODS_ROOT}/Manifest.lock",
			);
			name = "[CP] Check Pods Manifest.lock";
			outputPaths = (
				"$(DERIVED_FILE_DIR)/Pods-fanatic11-checkManifestLockResult.txt",
			);
			runOnlyForDeploymentPostprocessing = 0;
			shellPath = /bin/sh;
			shellScript = "diff \"${PODS_PODFILE_DIR_PATH}/Podfile.lock\" \"${PODS_ROOT}/Manifest.lock\" > /dev/null\nif [ $? != 0 ] ; then\n    # print error to STDERR\n    echo \"error: The sandbox is not in sync with the Podfile.lock. Run 'pod install' or update your CocoaPods installation.\" >&2\n    exit 1\nfi\n# This output is used by Xcode 'outputs' to avoid re-running this script phase.\necho \"SUCCESS\" > \"${SCRIPT_OUTPUT_FILE_0}\"\n";
			showEnvVarsInLog = 0;
		};
		30689AC458DAD0682DD189DF /* [CP] Embed Pods Frameworks */ = {
			isa = PBXShellScriptBuildPhase;
			buildActionMask = 2147483647;
			files = (
			);
			inputPaths = (
				"${SRCROOT}/Pods/Target Support Files/Pods-fanatic11/Pods-fanatic11-frameworks.sh",
				"${BUILT_PRODUCTS_DIR}/AACarousel/AACarousel.framework",
				"${BUILT_PRODUCTS_DIR}/Alamofire/Alamofire.framework",
				"${BUILT_PRODUCTS_DIR}/DTTextField/DTTextField.framework",
				"${BUILT_PRODUCTS_DIR}/IQKeyboardManagerSwift/IQKeyboardManagerSwift.framework",
				"${BUILT_PRODUCTS_DIR}/Kingfisher/Kingfisher.framework",
				"${BUILT_PRODUCTS_DIR}/ReachabilitySwift/Reachability.framework",
				"${BUILT_PRODUCTS_DIR}/SwiftyJSON/SwiftyJSON.framework",
			);
			name = "[CP] Embed Pods Frameworks";
			outputPaths = (
				"${TARGET_BUILD_DIR}/${FRAMEWORKS_FOLDER_PATH}/AACarousel.framework",
				"${TARGET_BUILD_DIR}/${FRAMEWORKS_FOLDER_PATH}/Alamofire.framework",
				"${TARGET_BUILD_DIR}/${FRAMEWORKS_FOLDER_PATH}/DTTextField.framework",
				"${TARGET_BUILD_DIR}/${FRAMEWORKS_FOLDER_PATH}/IQKeyboardManagerSwift.framework",
				"${TARGET_BUILD_DIR}/${FRAMEWORKS_FOLDER_PATH}/Kingfisher.framework",
				"${TARGET_BUILD_DIR}/${FRAMEWORKS_FOLDER_PATH}/Reachability.framework",
				"${TARGET_BUILD_DIR}/${FRAMEWORKS_FOLDER_PATH}/SwiftyJSON.framework",
			);
			runOnlyForDeploymentPostprocessing = 0;
			shellPath = /bin/sh;
			shellScript = "\"${SRCROOT}/Pods/Target Support Files/Pods-fanatic11/Pods-fanatic11-frameworks.sh\"\n";
			showEnvVarsInLog = 0;
		};
/* End PBXShellScriptBuildPhase section */

/* Begin PBXSourcesBuildPhase section */
		3A31DA53212A8B7B005E6040 /* Sources */ = {
			isa = PBXSourcesBuildPhase;
			buildActionMask = 2147483647;
			files = (
				3A216F3D212A9E35007C059E /* LoginViewController.swift in Sources */,
				3AE28A65212E6B56006542DA /* NetworkManagement.swift in Sources */,
				3A216F3F212A9E3E007C059E /* SignupViewController.swift in Sources */,
				3A31DA5B212A8B7B005E6040 /* AppDelegate.swift in Sources */,
				3A31DA5D212A8B7B005E6040 /* Home.swift in Sources */,
				3A20D997212F01CB004F2AAF /* SelectMenuViewController.swift in Sources */,
				3A20D99A212F0989004F2AAF /* MenuCells.swift in Sources */,
				3A20D995212F01BA004F2AAF /* MyContestViewController.swift in Sources */,
				3A20D993212EF73B004F2AAF /* NotificationViewController.swift in Sources */,
				3AE28A6B212E6D67006542DA /* AppStartsViewController.swift in Sources */,
				3A60B41F212E78000002CCF7 /* NoInternetViewController.swift in Sources */,
				3A3DF8FC212DCA7900850A42 /* MyAccount.swift in Sources */,
			);
			runOnlyForDeploymentPostprocessing = 0;
		};
/* End PBXSourcesBuildPhase section */

/* Begin PBXVariantGroup section */
		3A31DA60212A8B7B005E6040 /* Main.storyboard */ = {
			isa = PBXVariantGroup;
			children = (
				3A31DA61212A8B7B005E6040 /* Base */,
			);
			name = Main.storyboard;
			sourceTree = "<group>";
		};
		3A31DA65212A8B7D005E6040 /* LaunchScreen.storyboard */ = {
			isa = PBXVariantGroup;
			children = (
				3A31DA66212A8B7D005E6040 /* Base */,
			);
			name = LaunchScreen.storyboard;
			sourceTree = "<group>";
		};
/* End PBXVariantGroup section */

/* Begin XCBuildConfiguration section */
		3A31DA69212A8B7D005E6040 /* Debug */ = {
			isa = XCBuildConfiguration;
			buildSettings = {
				ALWAYS_SEARCH_USER_PATHS = NO;
				CLANG_ANALYZER_NONNULL = YES;
				CLANG_ANALYZER_NUMBER_OBJECT_CONVERSION = YES_AGGRESSIVE;
				CLANG_CXX_LANGUAGE_STANDARD = "gnu++14";
				CLANG_CXX_LIBRARY = "libc++";
				CLANG_ENABLE_MODULES = YES;
				CLANG_ENABLE_OBJC_ARC = YES;
				CLANG_ENABLE_OBJC_WEAK = YES;
				CLANG_WARN_BLOCK_CAPTURE_AUTORELEASING = YES;
				CLANG_WARN_BOOL_CONVERSION = YES;
				CLANG_WARN_COMMA = YES;
				CLANG_WARN_CONSTANT_CONVERSION = YES;
				CLANG_WARN_DEPRECATED_OBJC_IMPLEMENTATIONS = YES;
				CLANG_WARN_DIRECT_OBJC_ISA_USAGE = YES_ERROR;
				CLANG_WARN_DOCUMENTATION_COMMENTS = YES;
				CLANG_WARN_EMPTY_BODY = YES;
				CLANG_WARN_ENUM_CONVERSION = YES;
				CLANG_WARN_INFINITE_RECURSION = YES;
				CLANG_WARN_INT_CONVERSION = YES;
				CLANG_WARN_NON_LITERAL_NULL_CONVERSION = YES;
				CLANG_WARN_OBJC_IMPLICIT_RETAIN_SELF = YES;
				CLANG_WARN_OBJC_LITERAL_CONVERSION = YES;
				CLANG_WARN_OBJC_ROOT_CLASS = YES_ERROR;
				CLANG_WARN_RANGE_LOOP_ANALYSIS = YES;
				CLANG_WARN_STRICT_PROTOTYPES = YES;
				CLANG_WARN_SUSPICIOUS_MOVE = YES;
				CLANG_WARN_UNGUARDED_AVAILABILITY = YES_AGGRESSIVE;
				CLANG_WARN_UNREACHABLE_CODE = YES;
				CLANG_WARN__DUPLICATE_METHOD_MATCH = YES;
				CODE_SIGN_IDENTITY = "iPhone Developer";
				COPY_PHASE_STRIP = NO;
				DEBUG_INFORMATION_FORMAT = dwarf;
				ENABLE_STRICT_OBJC_MSGSEND = YES;
				ENABLE_TESTABILITY = YES;
				GCC_C_LANGUAGE_STANDARD = gnu11;
				GCC_DYNAMIC_NO_PIC = NO;
				GCC_NO_COMMON_BLOCKS = YES;
				GCC_OPTIMIZATION_LEVEL = 0;
				GCC_PREPROCESSOR_DEFINITIONS = (
					"DEBUG=1",
					"$(inherited)",
				);
				GCC_WARN_64_TO_32_BIT_CONVERSION = YES;
				GCC_WARN_ABOUT_RETURN_TYPE = YES_ERROR;
				GCC_WARN_UNDECLARED_SELECTOR = YES;
				GCC_WARN_UNINITIALIZED_AUTOS = YES_AGGRESSIVE;
				GCC_WARN_UNUSED_FUNCTION = YES;
				GCC_WARN_UNUSED_VARIABLE = YES;
				IPHONEOS_DEPLOYMENT_TARGET = 11.4;
				MTL_ENABLE_DEBUG_INFO = YES;
				ONLY_ACTIVE_ARCH = YES;
				SDKROOT = iphoneos;
				SWIFT_ACTIVE_COMPILATION_CONDITIONS = DEBUG;
				SWIFT_OPTIMIZATION_LEVEL = "-Onone";
			};
			name = Debug;
		};
		3A31DA6A212A8B7D005E6040 /* Release */ = {
			isa = XCBuildConfiguration;
			buildSettings = {
				ALWAYS_SEARCH_USER_PATHS = NO;
				CLANG_ANALYZER_NONNULL = YES;
				CLANG_ANALYZER_NUMBER_OBJECT_CONVERSION = YES_AGGRESSIVE;
				CLANG_CXX_LANGUAGE_STANDARD = "gnu++14";
				CLANG_CXX_LIBRARY = "libc++";
				CLANG_ENABLE_MODULES = YES;
				CLANG_ENABLE_OBJC_ARC = YES;
				CLANG_ENABLE_OBJC_WEAK = YES;
				CLANG_WARN_BLOCK_CAPTURE_AUTORELEASING = YES;
				CLANG_WARN_BOOL_CONVERSION = YES;
				CLANG_WARN_COMMA = YES;
				CLANG_WARN_CONSTANT_CONVERSION = YES;
				CLANG_WARN_DEPRECATED_OBJC_IMPLEMENTATIONS = YES;
				CLANG_WARN_DIRECT_OBJC_ISA_USAGE = YES_ERROR;
				CLANG_WARN_DOCUMENTATION_COMMENTS = YES;
				CLANG_WARN_EMPTY_BODY = YES;
				CLANG_WARN_ENUM_CONVERSION = YES;
				CLANG_WARN_INFINITE_RECURSION = YES;
				CLANG_WARN_INT_CONVERSION = YES;
				CLANG_WARN_NON_LITERAL_NULL_CONVERSION = YES;
				CLANG_WARN_OBJC_IMPLICIT_RETAIN_SELF = YES;
				CLANG_WARN_OBJC_LITERAL_CONVERSION = YES;
				CLANG_WARN_OBJC_ROOT_CLASS = YES_ERROR;
				CLANG_WARN_RANGE_LOOP_ANALYSIS = YES;
				CLANG_WARN_STRICT_PROTOTYPES = YES;
				CLANG_WARN_SUSPICIOUS_MOVE = YES;
				CLANG_WARN_UNGUARDED_AVAILABILITY = YES_AGGRESSIVE;
				CLANG_WARN_UNREACHABLE_CODE = YES;
				CLANG_WARN__DUPLICATE_METHOD_MATCH = YES;
				CODE_SIGN_IDENTITY = "iPhone Developer";
				COPY_PHASE_STRIP = NO;
				DEBUG_INFORMATION_FORMAT = "dwarf-with-dsym";
				ENABLE_NS_ASSERTIONS = NO;
				ENABLE_STRICT_OBJC_MSGSEND = YES;
				GCC_C_LANGUAGE_STANDARD = gnu11;
				GCC_NO_COMMON_BLOCKS = YES;
				GCC_WARN_64_TO_32_BIT_CONVERSION = YES;
				GCC_WARN_ABOUT_RETURN_TYPE = YES_ERROR;
				GCC_WARN_UNDECLARED_SELECTOR = YES;
				GCC_WARN_UNINITIALIZED_AUTOS = YES_AGGRESSIVE;
				GCC_WARN_UNUSED_FUNCTION = YES;
				GCC_WARN_UNUSED_VARIABLE = YES;
				IPHONEOS_DEPLOYMENT_TARGET = 11.4;
				MTL_ENABLE_DEBUG_INFO = NO;
				SDKROOT = iphoneos;
				SWIFT_COMPILATION_MODE = wholemodule;
				SWIFT_OPTIMIZATION_LEVEL = "-O";
				VALIDATE_PRODUCT = YES;
			};
			name = Release;
		};
		3A31DA6C212A8B7D005E6040 /* Debug */ = {
			isa = XCBuildConfiguration;
			baseConfigurationReference = 16C8E9F16297FFA587B397AE /* Pods-fanatic11.debug.xcconfig */;
			buildSettings = {
				ASSETCATALOG_COMPILER_APPICON_NAME = AppIcon;
				CODE_SIGN_STYLE = Automatic;
				DEVELOPMENT_TEAM = S9MM62BW22;
				INFOPLIST_FILE = fanatic11/Info.plist;
				LD_RUNPATH_SEARCH_PATHS = (
					"$(inherited)",
					"@executable_path/Frameworks",
				);
				PRODUCT_BUNDLE_IDENTIFIER = com.appgroceries.fanatic11;
				PRODUCT_NAME = "$(TARGET_NAME)";
				SWIFT_VERSION = 4.0;
				TARGETED_DEVICE_FAMILY = "1,2";
			};
			name = Debug;
		};
		3A31DA6D212A8B7D005E6040 /* Release */ = {
			isa = XCBuildConfiguration;
			baseConfigurationReference = 9794796177324EC9698F0E2E /* Pods-fanatic11.release.xcconfig */;
			buildSettings = {
				ASSETCATALOG_COMPILER_APPICON_NAME = AppIcon;
				CODE_SIGN_STYLE = Automatic;
				DEVELOPMENT_TEAM = S9MM62BW22;
				INFOPLIST_FILE = fanatic11/Info.plist;
				LD_RUNPATH_SEARCH_PATHS = (
					"$(inherited)",
					"@executable_path/Frameworks",
				);
				PRODUCT_BUNDLE_IDENTIFIER = com.appgroceries.fanatic11;
				PRODUCT_NAME = "$(TARGET_NAME)";
				SWIFT_VERSION = 4.0;
				TARGETED_DEVICE_FAMILY = "1,2";
			};
			name = Release;
		};
/* End XCBuildConfiguration section */

/* Begin XCConfigurationList section */
		3A31DA52212A8B7B005E6040 /* Build configuration list for PBXProject "fanatic11" */ = {
			isa = XCConfigurationList;
			buildConfigurations = (
				3A31DA69212A8B7D005E6040 /* Debug */,
				3A31DA6A212A8B7D005E6040 /* Release */,
			);
			defaultConfigurationIsVisible = 0;
			defaultConfigurationName = Release;
		};
		3A31DA6B212A8B7D005E6040 /* Build configuration list for PBXNativeTarget "fanatic11" */ = {
			isa = XCConfigurationList;
			buildConfigurations = (
				3A31DA6C212A8B7D005E6040 /* Debug */,
				3A31DA6D212A8B7D005E6040 /* Release */,
			);
			defaultConfigurationIsVisible = 0;
			defaultConfigurationName = Release;
		};
/* End XCConfigurationList section */
	};
	rootObject = 3A31DA4F212A8B7B005E6040 /* Project object */;
}
